
Microsoft Visual Studio Solution File, Format Version 12.00
# Visual Studio Version 17
VisualStudioVersion = 17.5.002.0
MinimumVisualStudioVersion = 10.0.40219.1
Project("{9A19103F-16F7-4668-BE54-9A1E7A4F7556}") = "KiteschoolServiceTests", "KiteschoolServiceTests\KiteschoolServiceTests.csproj", "{D4A696A6-134B-4AE9-9372-7A931A30A7F2}"
EndProject
Project("{9A19103F-16F7-4668-BE54-9A1E7A4F7556}") = "UserService", "UserService\UserService.csproj", "{D9439C33-7F52-46C4-AAC6-F0C8121607BF}"
EndProject
Project("{9A19103F-16F7-4668-BE54-9A1E7A4F7556}") = "KiteschoolService", "KiteschoolService\KiteschoolService.csproj", "{980B8EC0-72B9-4AD4-B5B2-0CFF08A49FB6}"
EndProject
Global
	GlobalSection(SolutionConfigurationPlatforms) = preSolution
		Debug|Any CPU = Debug|Any CPU
		Release|Any CPU = Release|Any CPU
	EndGlobalSection
	GlobalSection(ProjectConfigurationPlatforms) = postSolution
		{D4A696A6-134B-4AE9-9372-7A931A30A7F2}.Debug|Any CPU.ActiveCfg = Debug|Any CPU
		{D4A696A6-134B-4AE9-9372-7A931A30A7F2}.Debug|Any CPU.Build.0 = Debug|Any CPU
		{D4A696A6-134B-4AE9-9372-7A931A30A7F2}.Release|Any CPU.ActiveCfg = Release|Any CPU
		{D4A696A6-134B-4AE9-9372-7A931A30A7F2}.Release|Any CPU.Build.0 = Release|Any CPU
		{D9439C33-7F52-46C4-AAC6-F0C8121607BF}.Debug|Any CPU.ActiveCfg = Debug|Any CPU
		{D9439C33-7F52-46C4-AAC6-F0C8121607BF}.Debug|Any CPU.Build.0 = Debug|Any CPU
		{D9439C33-7F52-46C4-AAC6-F0C8121607BF}.Release|Any CPU.ActiveCfg = Release|Any CPU
		{D9439C33-7F52-46C4-AAC6-F0C8121607BF}.Release|Any CPU.Build.0 = Release|Any CPU
		{980B8EC0-72B9-4AD4-B5B2-0CFF08A49FB6}.Debug|Any CPU.ActiveCfg = Debug|Any CPU
		{980B8EC0-72B9-4AD4-B5B2-0CFF08A49FB6}.Debug|Any CPU.Build.0 = Debug|Any CPU
		{980B8EC0-72B9-4AD4-B5B2-0CFF08A49FB6}.Release|Any CPU.ActiveCfg = Release|Any CPU
		{980B8EC0-72B9-4AD4-B5B2-0CFF08A49FB6}.Release|Any CPU.Build.0 = Release|Any CPU
	EndGlobalSection
	GlobalSection(SolutionProperties) = preSolution
		HideSolutionNode = FALSE
	EndGlobalSection
	GlobalSection(ExtensibilityGlobals) = postSolution
		SolutionGuid = {6F182F19-E651-4268-8F74-9EB16AB0C3B5}
	EndGlobalSection
EndGlobal
